Microsoft Visual Studio Solution File, Format Version 12.00
# Visual Studio Version 17
VisualStudioVersion = 17.5.2.0
MinimumVisualStudioVersion = 10.0.40219.1
Project("{FAE04EC0-301F-11D3-BF4B-00C04F79EFBC}") = "SeleniumDemo", "SeleniumDemo.csproj", "{94FD13A3-5EE0-E031-C204-4945D5C5E013}"
EndProject
Global
	GlobalSection(SolutionConfigurationPlatforms) = preSolution
		Debug|Any CPU = Debug|Any CPU
		Release|Any CPU = Release|Any CPU
	EndGlobalSection
	GlobalSection(ProjectConfigurationPlatforms) = postSolution
		{94FD13A3-5EE0-E031-C204-4945D5C5E013}.Debug|Any CPU.ActiveCfg = Debug|Any CPU
		{94FD13A3-5EE0-E031-C204-4945D5C5E013}.Debug|Any CPU.Build.0 = Debug|Any CPU
		{94FD13A3-5EE0-E031-C204-4945D5C5E013}.Release|Any CPU.ActiveCfg = Release|Any CPU
		{94FD13A3-5EE0-E031-C204-4945D5C5E013}.Release|Any CPU.Build.0 = Release|Any CPU
	EndGlobalSection
	GlobalSection(SolutionProperties) = preSolution
		HideSolutionNode = FALSE
	EndGlobalSection
	GlobalSection(ExtensibilityGlobals) = postSolution
		SolutionGuid = {73247622-1457-40D6-A07C-D8E2D7C64675}
	EndGlobalSection
EndGlobal
